
Microsoft Visual Studio Solution File, Format Version 12.00
# Visual Studio Version 17
VisualStudioVersion = 17.1.32407.343
MinimumVisualStudioVersion = 10.0.40219.1
Project("{9A19103F-16F7-4668-BE54-9A1E7A4F7556}") = "IdentityServer", "IdentityServer\IdentityServer.csproj", "{2D595614-F379-48E8-9F83-9A20F270B6F9}"
EndProject
Project("{9A19103F-16F7-4668-BE54-9A1E7A4F7556}") = "IdentityServer.TestAPI", "TestApps\IdentityServer.TestAPI\IdentityServer.TestAPI.csproj", "{2D0CC82D-C0F9-4E3C-87FD-78DC2D53F0E5}"
EndProject
Project("{9A19103F-16F7-4668-BE54-9A1E7A4F7556}") = "Identity.DataAccess", "Identity.DataAccess\Identity.DataAccess.csproj", "{EB53990F-0E03-4847-AB0E-8A576ED936E1}"
EndProject
Project("{2150E333-8FDC-42A3-9474-1A3956D46DE8}") = "Identity", "Identity", "{2A7CD208-FBA2-4586-93A3-CE5CD45F33C2}"
EndProject
Project("{9A19103F-16F7-4668-BE54-9A1E7A4F7556}") = "IdentityServer.TestFrontend", "TestApps\IdentityServer.TestFrontend\IdentityServer.TestFrontend.csproj", "{C165E573-E128-4595-8091-563B6E82916A}"
EndProject
Project("{9A19103F-16F7-4668-BE54-9A1E7A4F7556}") = "Identity.ClientLib", "Identity.ClientLib\Identity.ClientLib.csproj", "{D91A6B1B-83C1-43DE-941D-2631FE4AD2B8}"
EndProject
Project("{2150E333-8FDC-42A3-9474-1A3956D46DE8}") = "TestApps", "TestApps", "{76C45080-9D98-45D4-9B12-27D375B28947}"
EndProject
Global
	GlobalSection(SolutionConfigurationPlatforms) = preSolution
		Debug|Any CPU = Debug|Any CPU
		Release|Any CPU = Release|Any CPU
	EndGlobalSection
	GlobalSection(ProjectConfigurationPlatforms) = postSolution
		{2D595614-F379-48E8-9F83-9A20F270B6F9}.Debug|Any CPU.ActiveCfg = Debug|Any CPU
		{2D595614-F379-48E8-9F83-9A20F270B6F9}.Debug|Any CPU.Build.0 = Debug|Any CPU
		{2D595614-F379-48E8-9F83-9A20F270B6F9}.Release|Any CPU.ActiveCfg = Release|Any CPU
		{2D595614-F379-48E8-9F83-9A20F270B6F9}.Release|Any CPU.Build.0 = Release|Any CPU
		{2D0CC82D-C0F9-4E3C-87FD-78DC2D53F0E5}.Debug|Any CPU.ActiveCfg = Debug|Any CPU
		{2D0CC82D-C0F9-4E3C-87FD-78DC2D53F0E5}.Debug|Any CPU.Build.0 = Debug|Any CPU
		{2D0CC82D-C0F9-4E3C-87FD-78DC2D53F0E5}.Release|Any CPU.ActiveCfg = Release|Any CPU
		{2D0CC82D-C0F9-4E3C-87FD-78DC2D53F0E5}.Release|Any CPU.Build.0 = Release|Any CPU
		{EB53990F-0E03-4847-AB0E-8A576ED936E1}.Debug|Any CPU.ActiveCfg = Debug|Any CPU
		{EB53990F-0E03-4847-AB0E-8A576ED936E1}.Debug|Any CPU.Build.0 = Debug|Any CPU
		{EB53990F-0E03-4847-AB0E-8A576ED936E1}.Release|Any CPU.ActiveCfg = Release|Any CPU
		{EB53990F-0E03-4847-AB0E-8A576ED936E1}.Release|Any CPU.Build.0 = Release|Any CPU
		{C165E573-E128-4595-8091-563B6E82916A}.Debug|Any CPU.ActiveCfg = Debug|Any CPU
		{C165E573-E128-4595-8091-563B6E82916A}.Debug|Any CPU.Build.0 = Debug|Any CPU
		{C165E573-E128-4595-8091-563B6E82916A}.Release|Any CPU.ActiveCfg = Release|Any CPU
		{C165E573-E128-4595-8091-563B6E82916A}.Release|Any CPU.Build.0 = Release|Any CPU
		{D91A6B1B-83C1-43DE-941D-2631FE4AD2B8}.Debug|Any CPU.ActiveCfg = Debug|Any CPU
		{D91A6B1B-83C1-43DE-941D-2631FE4AD2B8}.Debug|Any CPU.Build.0 = Debug|Any CPU
		{D91A6B1B-83C1-43DE-941D-2631FE4AD2B8}.Release|Any CPU.ActiveCfg = Release|Any CPU
		{D91A6B1B-83C1-43DE-941D-2631FE4AD2B8}.Release|Any CPU.Build.0 = Release|Any CPU
	EndGlobalSection
	GlobalSection(SolutionProperties) = preSolution
		HideSolutionNode = FALSE
	EndGlobalSection
	GlobalSection(NestedProjects) = preSolution
		{2D595614-F379-48E8-9F83-9A20F270B6F9} = {2A7CD208-FBA2-4586-93A3-CE5CD45F33C2}
		{2D0CC82D-C0F9-4E3C-87FD-78DC2D53F0E5} = {76C45080-9D98-45D4-9B12-27D375B28947}
		{EB53990F-0E03-4847-AB0E-8A576ED936E1} = {2A7CD208-FBA2-4586-93A3-CE5CD45F33C2}
		{C165E573-E128-4595-8091-563B6E82916A} = {76C45080-9D98-45D4-9B12-27D375B28947}
		{D91A6B1B-83C1-43DE-941D-2631FE4AD2B8} = {2A7CD208-FBA2-4586-93A3-CE5CD45F33C2}
		{76C45080-9D98-45D4-9B12-27D375B28947} = {2A7CD208-FBA2-4586-93A3-CE5CD45F33C2}
	EndGlobalSection
	GlobalSection(ExtensibilityGlobals) = postSolution
		SolutionGuid = {824C6CC7-CC09-4A0E-AB16-E1047B2B3C19}
	EndGlobalSection
EndGlobal
